
Microsoft Visual Studio Solution File, Format Version 12.00
# Visual Studio Version 16
Project("{8BC9CEB8-8B4A-11D0-8D11-00A0C91BC942}") = "ALL_BUILD", "ALL_BUILD.vcxproj", "{02D3D8FD-937D-3BAA-B5EB-D7CA472C2A56}"
	ProjectSection(ProjectDependencies) = postProject
		{5581F200-5A2C-3805-984B-9C89F245ABC5} = {5581F200-5A2C-3805-984B-9C89F245ABC5}
	EndProjectSection
EndProject
Project("{8BC9CEB8-8B4A-11D0-8D11-00A0C91BC942}") = "ZERO_CHECK", "ZERO_CHECK.vcxproj", "{5581F200-5A2C-3805-984B-9C89F245ABC5}"
	ProjectSection(ProjectDependencies) = postProject
	EndProjectSection
EndProject
Global
	GlobalSection(SolutionConfigurationPlatforms) = preSolution
		Debug|x64 = Debug|x64
		Release|x64 = Release|x64
		MinSizeRel|x64 = MinSizeRel|x64
		RelWithDebInfo|x64 = RelWithDebInfo|x64
	EndGlobalSection
	GlobalSection(ProjectConfigurationPlatforms) = postSolution
		{02D3D8FD-937D-3BAA-B5EB-D7CA472C2A56}.Debug|x64.ActiveCfg = Debug|x64
		{02D3D8FD-937D-3BAA-B5EB-D7CA472C2A56}.Release|x64.ActiveCfg = Release|x64
		{02D3D8FD-937D-3BAA-B5EB-D7CA472C2A56}.MinSizeRel|x64.ActiveCfg = MinSizeRel|x64
		{02D3D8FD-937D-3BAA-B5EB-D7CA472C2A56}.RelWithDebInfo|x64.ActiveCfg = RelWithDebInfo|x64
		{5581F200-5A2C-3805-984B-9C89F245ABC5}.Debug|x64.ActiveCfg = Debug|x64
		{5581F200-5A2C-3805-984B-9C89F245ABC5}.Debug|x64.Build.0 = Debug|x64
		{5581F200-5A2C-3805-984B-9C89F245ABC5}.Release|x64.ActiveCfg = Release|x64
		{5581F200-5A2C-3805-984B-9C89F245ABC5}.Release|x64.Build.0 = Release|x64
		{5581F200-5A2C-3805-984B-9C89F245ABC5}.MinSizeRel|x64.ActiveCfg = MinSizeRel|x64
		{5581F200-5A2C-3805-984B-9C89F245ABC5}.MinSizeRel|x64.Build.0 = MinSizeRel|x64
		{5581F200-5A2C-3805-984B-9C89F245ABC5}.RelWithDebInfo|x64.ActiveCfg = RelWithDebInfo|x64
		{5581F200-5A2C-3805-984B-9C89F245ABC5}.RelWithDebInfo|x64.Build.0 = RelWithDebInfo|x64
	EndGlobalSection
	GlobalSection(ExtensibilityGlobals) = postSolution
		SolutionGuid = {C1284F35-EB2A-3418-8CA0-EDDB787EC6E4}
	EndGlobalSection
	GlobalSection(ExtensibilityAddIns) = postSolution
	EndGlobalSection
EndGlobal
