<?xml version="1.0" encoding="utf-8"?>
<Project ToolsVersion="16.0" xmlns="http://schemas.microsoft.com/developer/msbuild/2003">
  <ItemGroup>
    <CustomBuild Include="D:\Codes\c\router\builddir\meson-private\cmake_winmm\CMakeFiles\1f5c44a56de27e6c3d32ab8f8a4665d3\generate.stamp.rule">
      <Filter>CMake Rules</Filter>
    </CustomBuild>
  </ItemGroup>
  <ItemGroup>
    <Filter Include="CMake Rules">
      <UniqueIdentifier>{6A51BA67-7595-3AAC-B14A-A6B36A34AD37}</UniqueIdentifier>
    </Filter>
  </ItemGroup>
</Project>
